<?xml version="1.0" encoding="utf-8"?>
<Project ToolsVersion="4.0" xmlns="http://schemas.microsoft.com/developer/msbuild/2003">
  <ItemGroup>
    <Filter Include="Source Files">
      <UniqueIdentifier>{4FC737F1-C7A5-4376-A066-2A32D752A2FF}</UniqueIdentifier>
      <Extensions>cpp;c;cc;cxx;c++;cppm;ixx;def;odl;idl;hpj;bat;asm;asmx</Extensions>
    </Filter>
    <Filter Include="Header Files">
      <UniqueIdentifier>{93995380-89BD-4b04-88EB-625FBE52EBFB}</UniqueIdentifier>
      <Extensions>h;hh;hpp;hxx;h++;hm;inl;inc;ipp;xsd</Extensions>
    </Filter>
    <Filter Include="Resource Files">
      <UniqueIdentifier>{67DA6AB6-F800-4c08-8B7A-83BB121AAD01}</UniqueIdentifier>
      <Extensions>rc;ico;cur;bmp;dlg;rc2;rct;bin;rgs;gif;jpg;jpeg;jpe;resx;tiff;tif;png;wav;mfcribbon-ms</Extensions>
    </Filter>
    <Filter Include="Source Files\VeryEasy">
      <UniqueIdentifier>{1f059410-dae9-404f-b949-f7cfb72f4740}</UniqueIdentifier>
    </Filter>
    <Filter Include="Source Files\Easy">
      <UniqueIdentifier>{539ce35e-0213-4ba1-a705-86301778ed6a}</UniqueIdentifier>
    </Filter>
    <Filter Include="Source Files\Normal">
      <UniqueIdentifier>{49d68df3-9208-40db-874f-496be0e0e49f}</UniqueIdentifier>
    </Filter>
    <Filter Include="Resource Files\Normal">
      <UniqueIdentifier>{365c5d93-ac3d-420e-9338-8de7d74fc433}</UniqueIdentifier>
    </Filter>
    <Filter Include="Resource Files\Normal\BraceBalance">
      <UniqueIdentifier>{4b47afda-1e52-4b74-ab9a-75acf990a6a0}</UniqueIdentifier>
    </Filter>
  </ItemGroup>
  <ItemGroup>
    <ClCompile Include="CharToUpperTests.cpp">
      <Filter>Source Files\VeryEasy</Filter>
    </ClCompile>
    <ClCompile Include="NumberByDigitTests.cpp">
      <Filter>Source Files\VeryEasy</Filter>
    </ClCompile>
    <ClCompile Include="SimpleMathTests.cpp">
      <Filter>Source Files\VeryEasy</Filter>
    </ClCompile>
    <ClCompile Include="AlgebraicSummTests.cpp">
      <Filter>Source Files\Easy</Filter>
    </ClCompile>
    <ClCompile Include="AlgebraicSumm2Tests.cpp">
      <Filter>Source Files\Easy</Filter>
    </ClCompile>
    <ClCompile Include="MinMaxDigitTests.cpp">
      <Filter>Source Files\Easy</Filter>
    </ClCompile>
    <ClCompile Include="AngleCalcTests.cpp">
      <Filter>Source Files\Easy</Filter>
    </ClCompile>
    <ClCompile Include="PowerTests.cpp">
      <Filter>Source Files\Easy</Filter>
    </ClCompile>
    <ClCompile Include="RandomNumberGeneratorTests.cpp">
      <Filter>Source Files\Easy</Filter>
    </ClCompile>
    <ClCompile Include="BraceBalanceTests.cpp">
      <Filter>Source Files\Normal</Filter>
    </ClCompile>
  </ItemGroup>
  <ItemGroup>
    <Text Include="SimplePositive.txt">
      <Filter>Resource Files\Normal\BraceBalance</Filter>
    </Text>
  </ItemGroup>
</Project>