<?xml version="1.0" encoding="utf-8"?>
<Project ToolsVersion="4.0" xmlns="http://schemas.microsoft.com/developer/msbuild/2003">
  <ItemGroup>
    <ClCompile Include="Source\Normal\BraceBalanceTests.cpp">
      <Filter>Source\Normal</Filter>
    </ClCompile>
    <ClCompile Include="Source\Easy\AlgebraicSumm2Tests.cpp">
      <Filter>Source\Easy</Filter>
    </ClCompile>
    <ClCompile Include="Source\Easy\AlgebraicSummTests.cpp">
      <Filter>Source\Easy</Filter>
    </ClCompile>
    <ClCompile Include="Source\Easy\AngleCalcTests.cpp">
      <Filter>Source\Easy</Filter>
    </ClCompile>
    <ClCompile Include="Source\Easy\MinMaxDigitTests.cpp">
      <Filter>Source\Easy</Filter>
    </ClCompile>
    <ClCompile Include="Source\Easy\PowerTests.cpp">
      <Filter>Source\Easy</Filter>
    </ClCompile>
    <ClCompile Include="Source\Easy\RandomNumberGeneratorTests.cpp">
      <Filter>Source\Easy</Filter>
    </ClCompile>
    <ClCompile Include="Source\VeryEasy\CharToUpperTests.cpp">
      <Filter>Source\VeryEasy</Filter>
    </ClCompile>
    <ClCompile Include="Source\VeryEasy\NumberByDigitTests.cpp">
      <Filter>Source\VeryEasy</Filter>
    </ClCompile>
    <ClCompile Include="Source\VeryEasy\SimpleMathTests.cpp">
      <Filter>Source\VeryEasy</Filter>
    </ClCompile>
  </ItemGroup>
  <ItemGroup>
    <Filter Include="Source">
      <UniqueIdentifier>{1eaeb46c-e407-44df-b0f4-bb3d098db984}</UniqueIdentifier>
    </Filter>
    <Filter Include="Source\Easy">
      <UniqueIdentifier>{c96cf2c1-1f3f-4258-ad79-0af093558cc5}</UniqueIdentifier>
    </Filter>
    <Filter Include="Source\Hard">
      <UniqueIdentifier>{f753862f-2682-4bd9-b4cf-cb113537ff61}</UniqueIdentifier>
    </Filter>
    <Filter Include="Source\Experienced">
      <UniqueIdentifier>{9c9ffc86-a04e-4947-bf23-33a051e23cbd}</UniqueIdentifier>
    </Filter>
    <Filter Include="Source\Normal">
      <UniqueIdentifier>{50bd7ca5-7b9e-4d6c-9e55-38e1bd647b06}</UniqueIdentifier>
    </Filter>
    <Filter Include="Source\VeryEasy">
      <UniqueIdentifier>{ded3e91d-570c-4b9a-a3cd-9782c5c0872c}</UniqueIdentifier>
    </Filter>
    <Filter Include="Resources">
      <UniqueIdentifier>{d22298c6-51ea-44a8-8764-26a443e97220}</UniqueIdentifier>
    </Filter>
    <Filter Include="Resources\Normal">
      <UniqueIdentifier>{535228f5-7f49-4d83-a4b3-e960bb907cd4}</UniqueIdentifier>
    </Filter>
    <Filter Include="Resources\Normal\BraceBalance">
      <UniqueIdentifier>{ddeec367-6d76-4376-a63c-028aecd0c80c}</UniqueIdentifier>
    </Filter>
  </ItemGroup>
  <ItemGroup>
    <Text Include="Resources\Normal\BraceBalance\SimplePositive.txt">
      <Filter>Resources\Normal\BraceBalance</Filter>
    </Text>
  </ItemGroup>
  <ItemGroup>
    <None Include="test.runsettings" />
  </ItemGroup>
</Project>