<?xml version="1.0" encoding="utf-8"?>
<Project ToolsVersion="4.0" xmlns="http://schemas.microsoft.com/developer/msbuild/2003">
  <ItemGroup>
    <ClCompile Include="Source\Easy\AlgebraicSumm.cpp">
      <Filter>Source\Easy</Filter>
    </ClCompile>
    <ClCompile Include="Source\Easy\AlgebraicSumm2.cpp">
      <Filter>Source\Easy</Filter>
    </ClCompile>
    <ClCompile Include="Source\Easy\AngleCalc.cpp">
      <Filter>Source\Easy</Filter>
    </ClCompile>
    <ClCompile Include="Source\Normal\BraceBalance.cpp">
      <Filter>Source\Normal</Filter>
    </ClCompile>
    <ClCompile Include="Source\VeryEasy\CharToUpper.cpp">
      <Filter>Source\VeryEasy</Filter>
    </ClCompile>
    <ClCompile Include="Source\VeryEasy\HouseDrawing.cpp">
      <Filter>Source\VeryEasy</Filter>
    </ClCompile>
    <ClCompile Include="Source\VeryEasy\IntToChar.cpp">
      <Filter>Source\VeryEasy</Filter>
    </ClCompile>
    <ClCompile Include="Source\VeryEasy\LengthConvert.cpp">
      <Filter>Source\VeryEasy</Filter>
    </ClCompile>
    <ClCompile Include="Source\Easy\MinMaxDigit.cpp">
      <Filter>Source\Easy</Filter>
    </ClCompile>
    <ClCompile Include="Source\Easy\Power.cpp">
      <Filter>Source\Easy</Filter>
    </ClCompile>
    <ClCompile Include="Source\Easy\RandomNumberGenerator.cpp">
      <Filter>Source\Easy</Filter>
    </ClCompile>
    <ClCompile Include="Source\VeryEasy\NumberByDigit.cpp">
      <Filter>Source\VeryEasy</Filter>
    </ClCompile>
    <ClCompile Include="Source\VeryEasy\SimpleMath.cpp">
      <Filter>Source\VeryEasy</Filter>
    </ClCompile>
    <ClCompile Include="Source\VeryEasy\TriangleOneCout.cpp">
      <Filter>Source\VeryEasy</Filter>
    </ClCompile>
  </ItemGroup>
  <ItemGroup>
    <ClInclude Include="Headers\Easy\AlgebraicSumm.h">
      <Filter>Headers\Easy</Filter>
    </ClInclude>
    <ClInclude Include="Headers\Easy\AlgebraicSumm2.h">
      <Filter>Headers\Easy</Filter>
    </ClInclude>
    <ClInclude Include="Headers\Easy\AngleCalc.h">
      <Filter>Headers\Easy</Filter>
    </ClInclude>
    <ClInclude Include="Headers\Normal\BraceBalance.h">
      <Filter>Headers\Normal</Filter>
    </ClInclude>
    <ClInclude Include="Headers\VeryEasy\CharToUpper.h">
      <Filter>Headers\VeryEasy</Filter>
    </ClInclude>
    <ClInclude Include="Headers\VeryEasy\HouseDrawing.h">
      <Filter>Headers\VeryEasy</Filter>
    </ClInclude>
    <ClInclude Include="Headers\VeryEasy\IntToChar.h">
      <Filter>Headers\VeryEasy</Filter>
    </ClInclude>
    <ClInclude Include="Headers\VeryEasy\LengthConvert.h">
      <Filter>Headers\VeryEasy</Filter>
    </ClInclude>
    <ClInclude Include="Headers\Easy\MinMaxDigit.h">
      <Filter>Headers\Easy</Filter>
    </ClInclude>
    <ClInclude Include="Headers\Easy\Power.h">
      <Filter>Headers\Easy</Filter>
    </ClInclude>
    <ClInclude Include="Headers\Easy\RandomNumberGenerator.h">
      <Filter>Headers\Easy</Filter>
    </ClInclude>
    <ClInclude Include="Headers\VeryEasy\NumberByDigit.h">
      <Filter>Headers\VeryEasy</Filter>
    </ClInclude>
    <ClInclude Include="Headers\VeryEasy\SimpleMath.h">
      <Filter>Headers\VeryEasy</Filter>
    </ClInclude>
    <ClInclude Include="Headers\VeryEasy\TriangleOneCout.h">
      <Filter>Headers\VeryEasy</Filter>
    </ClInclude>
  </ItemGroup>
  <ItemGroup>
    <Filter Include="Source">
      <UniqueIdentifier>{c802a803-a4f0-415d-9162-89041198557e}</UniqueIdentifier>
      <Extensions>
      </Extensions>
    </Filter>
    <Filter Include="Source\Easy">
      <UniqueIdentifier>{9e6ea4f1-5710-4fba-af1a-742d8ab83a4c}</UniqueIdentifier>
    </Filter>
    <Filter Include="Source\Hard">
      <UniqueIdentifier>{70f90b6b-e8ed-4a8b-96cc-58af002f7a59}</UniqueIdentifier>
    </Filter>
    <Filter Include="Source\Experienced">
      <UniqueIdentifier>{8167690a-78d0-4700-9279-d4d4062a6ac8}</UniqueIdentifier>
    </Filter>
    <Filter Include="Source\Normal">
      <UniqueIdentifier>{a52ef634-09af-402c-a5e0-14c7c6a01c63}</UniqueIdentifier>
    </Filter>
    <Filter Include="Source\VeryEasy">
      <UniqueIdentifier>{a3bfb112-dcba-4d7d-bd9f-99116ea9f234}</UniqueIdentifier>
    </Filter>
    <Filter Include="Headers">
      <UniqueIdentifier>{9475c1b7-93f6-41e5-a7a3-2a4390fdaac8}</UniqueIdentifier>
    </Filter>
    <Filter Include="Headers\Easy">
      <UniqueIdentifier>{5c6282b3-d0f1-4e2a-8b0b-435ddc5180f2}</UniqueIdentifier>
    </Filter>
    <Filter Include="Headers\VeryEasy">
      <UniqueIdentifier>{3a68d9a4-4288-4d14-855a-e9c6b909e5aa}</UniqueIdentifier>
    </Filter>
    <Filter Include="Headers\Normal">
      <UniqueIdentifier>{4a8a2b08-a45d-4090-97dd-5ebd6bbc8891}</UniqueIdentifier>
    </Filter>
    <Filter Include="Headers\Hard">
      <UniqueIdentifier>{5dbcde9b-9d2a-41e2-bf52-85bf6486bc0c}</UniqueIdentifier>
    </Filter>
    <Filter Include="Headers\Experienced">
      <UniqueIdentifier>{faec1b66-a7a6-4cf8-a72d-ace30381a7f0}</UniqueIdentifier>
    </Filter>
  </ItemGroup>
</Project>